
Microsoft Visual Studio Solution File, Format Version 12.00
# Visual Studio 15
VisualStudioVersion = 15.0.28307.1267
MinimumVisualStudioVersion = 10.0.40219.1
Project("{FAE04EC0-301F-11D3-BF4B-00C04F79EFBC}") = "Dao.ConcurrentCache", "Dao.ConcurrentCache\Dao.ConcurrentCache.csproj", "{FD17AD44-F61F-43E3-B1C5-5D631EAC7E9F}"
EndProject
Global
	GlobalSection(SolutionConfigurationPlatforms) = preSolution
		Debug|Any CPU = Debug|Any CPU
		Release|Any CPU = Release|Any CPU
	EndGlobalSection
	GlobalSection(ProjectConfigurationPlatforms) = postSolution
		{FD17AD44-F61F-43E3-B1C5-5D631EAC7E9F}.Debug|Any CPU.ActiveCfg = Debug|Any CPU
		{FD17AD44-F61F-43E3-B1C5-5D631EAC7E9F}.Debug|Any CPU.Build.0 = Debug|Any CPU
		{FD17AD44-F61F-43E3-B1C5-5D631EAC7E9F}.Release|Any CPU.ActiveCfg = Release|Any CPU
		{FD17AD44-F61F-43E3-B1C5-5D631EAC7E9F}.Release|Any CPU.Build.0 = Release|Any CPU
	EndGlobalSection
	GlobalSection(SolutionProperties) = preSolution
		HideSolutionNode = FALSE
	EndGlobalSection
	GlobalSection(ExtensibilityGlobals) = postSolution
		SolutionGuid = {6473A4F8-D0B0-4A81-B07C-10B3629FBD70}
	EndGlobalSection
EndGlobal
